{
  "projects": [
    {
      "projectId": "ii1oyU9i6oC4gme6KqTQSA",
      "version": "latest",
      "dependencies": {},
      "lang": "js",
      "fileLocks": [
        {
          "type": "globalVariant",
          "assetId": "ZcEyMSjyacKUy",
          "checksum": "3e65c355f0242934fd781cfe633a879e"
        },
        {
          "type": "renderModule",
          "assetId": "umfc_NerFAmQL",
          "checksum": "4ed2ba8891c6e85ec2e2309ed2fee03d"
        },
        {
          "type": "cssRules",
          "assetId": "umfc_NerFAmQL",
          "checksum": "4ed2ba8891c6e85ec2e2309ed2fee03d"
        },
        {
          "type": "renderModule",
          "assetId": "XKUwjV76ep",
          "checksum": "fb8ebc076ddd8aa8f2d054727d9b2ea8"
        },
        {
          "type": "cssRules",
          "assetId": "XKUwjV76ep",
          "checksum": "fb8ebc076ddd8aa8f2d054727d9b2ea8"
        },
        {
          "type": "image",
          "assetId": "zJk6pwOj5",
          "checksum": "9a045757d8fa2f09928294adb7d2b67e"
        },
        {
          "assetId": "ii1oyU9i6oC4gme6KqTQSA",
          "type": "projectCss",
          "checksum": "4c4227198d582732340437b34aa921fd"
        },
        {
          "type": "renderModule",
          "assetId": "P6PA5hpz7w",
          "checksum": "e42195be04ef209800064b9319c2214c"
        },
        {
          "type": "cssRules",
          "assetId": "P6PA5hpz7w",
          "checksum": "e42195be04ef209800064b9319c2214c"
        },
        {
          "type": "renderModule",
          "assetId": "Dgb6fAOahpxm",
          "checksum": "891ca6169636dceddce8416b7a5bace5"
        },
        {
          "type": "cssRules",
          "assetId": "Dgb6fAOahpxm",
          "checksum": "891ca6169636dceddce8416b7a5bace5"
        },
        {
          "type": "renderModule",
          "assetId": "taxUGpRu5L4r",
          "checksum": "ebf5ae4bb0569f5789cbed05dc5c326d"
        },
        {
          "type": "cssRules",
          "assetId": "taxUGpRu5L4r",
          "checksum": "ebf5ae4bb0569f5789cbed05dc5c326d"
        },
        {
          "type": "icon",
          "assetId": "DHqGKK6Bi3EN",
          "checksum": "4f3b4da85e12dad185f0a12c1d1f118a"
        },
        {
          "type": "icon",
          "assetId": "4Szg2_9dXW_3",
          "checksum": "73c9de9d109318f50f4f23a810b8ef50"
        },
        {
          "type": "icon",
          "assetId": "I3__a8Uzryhg",
          "checksum": "616c820fd03767a5cd91d5208b923ad4"
        },
        {
          "type": "icon",
          "assetId": "WnXUuKLpocb_",
          "checksum": "f23b61eec18f1e123ad3b78561eb4a16"
        },
        {
          "type": "icon",
          "assetId": "s6Bvf2RACqZs",
          "checksum": "40d2ed2301c9374265df0b3203207ca3"
        },
        {
          "type": "icon",
          "assetId": "BqP3A2E9bIV_",
          "checksum": "f5d9a9c078235f7b4a77694005601c04"
        },
        {
          "type": "icon",
          "assetId": "EK2ElBdpH8e3",
          "checksum": "b6bb75af43f327a5cd6abbe85a51fb6b"
        },
        {
          "type": "image",
          "assetId": "tUPJWuPocXO-",
          "checksum": "1e53ce40e953665ee85d7a510129a6ff"
        },
        {
          "type": "image",
          "assetId": "TWcpo-3PG2E_",
          "checksum": "7873c956dfdbb58eab04b4839c710211"
        },
        {
          "type": "image",
          "assetId": "potcm_OqU05R",
          "checksum": "5f032e3f5e4355b7c64282b71e3b7613"
        },
        {
          "type": "image",
          "assetId": "58kWPSchwhVT",
          "checksum": "f5c87fca47a262312f8cad7dca559faa"
        },
        {
          "type": "image",
          "assetId": "diVLcXIkBWfz",
          "checksum": "cd6fda8da5c05293ba6165880d21f8a1"
        },
        {
          "type": "image",
          "assetId": "U1ixwpZnqVP3",
          "checksum": "8fbd33fcf46c19c82219e7975581017f"
        },
        {
          "type": "image",
          "assetId": "K-E9qAOrtHs3",
          "checksum": "73eac66487a6cb1eab3abaa86420abbd"
        },
        {
          "type": "image",
          "assetId": "3Ra_cokG7Qgt",
          "checksum": "4b0e5bc5b71179dbf8f67097f11d7ba4"
        },
        {
          "type": "image",
          "assetId": "338OqKCVDuCc",
          "checksum": "cad767b060683360331d70482539ce84"
        },
        {
          "type": "image",
          "assetId": "e3O8PmKhGlF_",
          "checksum": "91e744f5fe5a305c81a6e55be1565432"
        },
        {
          "type": "image",
          "assetId": "hFSR8aQX_rqy",
          "checksum": "d2b7c925aaf9be79b13d862da1e043ac"
        },
        {
          "type": "image",
          "assetId": "Sz0M2zEzZGEf",
          "checksum": "6702e2014861ac358590237b7c4e5cc2"
        },
        {
          "type": "image",
          "assetId": "IoL2RuwCYaJA",
          "checksum": "7735cc7b163583a080a9afd0ff6280bd"
        },
        {
          "type": "image",
          "assetId": "_DimP58kCpnl",
          "checksum": "cd776362dd4f81c630fcfca8fd0dc990"
        },
        {
          "type": "image",
          "assetId": "r6YF04O-kt2e",
          "checksum": "9ef42534861ab052e65b6a650ec0ed11"
        },
        {
          "type": "image",
          "assetId": "QwDu6j8BHKhL",
          "checksum": "222178f58965aeb39779e6e27bcab956"
        },
        {
          "type": "image",
          "assetId": "JIW9KnU0td5O",
          "checksum": "f9089f1ad61f8294cd0c240cc432c0f4"
        },
        {
          "type": "image",
          "assetId": "mKUKcb4XWJmR",
          "checksum": "b01ec845c82563a9fbfefe31f0bd31db"
        },
        {
          "type": "image",
          "assetId": "RZphoBt5e8kz",
          "checksum": "73bca7bb4e3af4725f496faf0421a609"
        },
        {
          "type": "image",
          "assetId": "eI09T6yraP8x",
          "checksum": "1bf0b6bf6fc416b778d592827f976ec4"
        },
        {
          "type": "image",
          "assetId": "zAqksJ9Q4Aar",
          "checksum": "11da67b3c93fc510e464ec34944de4d2"
        },
        {
          "type": "image",
          "assetId": "GN9uRhOYV1ol",
          "checksum": "332bbc3aeb93644d5bb6ee0407879998"
        },
        {
          "type": "image",
          "assetId": "VGwnKlWY8o37",
          "checksum": "a8d685fb7abe3ebc0147463429cd4e5b"
        },
        {
          "type": "image",
          "assetId": "oBdgbmKG9FJk",
          "checksum": "0e36b6eb59b39d9e7103a74ecc7721a0"
        },
        {
          "type": "image",
          "assetId": "vPrVUX7PBRNz",
          "checksum": "f39bb760e39409adefb0369ee09bbf68"
        },
        {
          "type": "image",
          "assetId": "zZLGEf-mju54",
          "checksum": "43dfb4644ea61da15892c9d3472efe59"
        },
        {
          "type": "image",
          "assetId": "ZbYT21K12hRg",
          "checksum": "4a9bd8891f5dd34d326e391407be44ef"
        },
        {
          "type": "image",
          "assetId": "wNEB0ZsMY2fC",
          "checksum": "defcb42d5da7278e23cd9c779c15a201"
        },
        {
          "type": "image",
          "assetId": "9bJLIxdyfN4e",
          "checksum": "362a484a347638649a4d886ac246b6af"
        },
        {
          "type": "image",
          "assetId": "IYp2ic2KmwZD",
          "checksum": "51f478039277776c1455756fa4b65a26"
        },
        {
          "type": "image",
          "assetId": "Gfa2mNVyKHjd",
          "checksum": "570e9af9931181272b89c3965ff7557b"
        },
        {
          "type": "image",
          "assetId": "vzBDSBuKhYhu",
          "checksum": "3f23dd07b1f232502b46daac07f9d98b"
        },
        {
          "type": "image",
          "assetId": "KCj3TiLdFNnV",
          "checksum": "803fc0703e973b33fb7b0c70172a329b"
        },
        {
          "type": "image",
          "assetId": "BMk5DDAcfAcG",
          "checksum": "505b1942c01921b617024eb5b8182c7f"
        },
        {
          "type": "image",
          "assetId": "rEcqQTwof91s",
          "checksum": "42fdfbb3426391e9c88718a74d7fc9e3"
        },
        {
          "type": "image",
          "assetId": "7jnMBv7qnHXb",
          "checksum": "49605eb2abd2077d43421623fdfbe087"
        }
      ],
      "codegenVersion": "0.0.1"
    }
  ],
  "cliVersion": "0.1.208"
}
